// !$*UTF8*$!
{
	archiveVersion = 1;
	classes = {
	};
	objectVersion = 50;
	objects = {

/* Begin PBXBuildFile section */
		953AEB4626899BB000C6F987 /* AppDelegate.swift in Sources */ = {isa = PBXBuildFile; fileRef = 953AEB4526899BB000C6F987 /* AppDelegate.swift */; };
		953AEB4826899BB000C6F987 /* SceneDelegate.swift in Sources */ = {isa = PBXBuildFile; fileRef = 953AEB4726899BB000C6F987 /* SceneDelegate.swift */; };
		953AEB4A26899BB000C6F987 /* IntroductionViewController.swift in Sources */ = {isa = PBXBuildFile; fileRef = 953AEB4926899BB000C6F987 /* IntroductionViewController.swift */; };
		953AEB4D26899BB000C6F987 /* Main.storyboard in Resources */ = {isa = PBXBuildFile; fileRef = 953AEB4B26899BB000C6F987 /* Main.storyboard */; };
		953AEB4F26899BB100C6F987 /* Assets.xcassets in Resources */ = {isa = PBXBuildFile; fileRef = 953AEB4E26899BB100C6F987 /* Assets.xcassets */; };
		953AEB5226899BB100C6F987 /* LaunchScreen.storyboard in Resources */ = {isa = PBXBuildFile; fileRef = 953AEB5026899BB100C6F987 /* LaunchScreen.storyboard */; };
		953AEB5A2689A4BA00C6F987 /* QuestionViewController.swift in Sources */ = {isa = PBXBuildFile; fileRef = 953AEB592689A4BA00C6F987 /* QuestionViewController.swift */; };
		953AEB5C2689A4C800C6F987 /* ResultsViewController.swift in Sources */ = {isa = PBXBuildFile; fileRef = 953AEB5B2689A4C800C6F987 /* ResultsViewController.swift */; };
		953AEB5E2689B0EE00C6F987 /* Questions.swift in Sources */ = {isa = PBXBuildFile; fileRef = 953AEB5D2689B0EE00C6F987 /* Questions.swift */; };
/* End PBXBuildFile section */

/* Begin PBXFileReference section */
		953AEB4226899BB000C6F987 /* PersonalityQuiz_2021.app */ = {isa = PBXFileReference; explicitFileType = wrapper.application; includeInIndex = 0; path = PersonalityQuiz_2021.app; sourceTree = BUILT_PRODUCTS_DIR; };
		953AEB4526899BB000C6F987 /* AppDelegate.swift */ = {isa = PBXFileReference; lastKnownFileType = sourcecode.swift; path = AppDelegate.swift; sourceTree = "<group>"; };
		953AEB4726899BB000C6F987 /* SceneDelegate.swift */ = {isa = PBXFileReference; lastKnownFileType = sourcecode.swift; path = SceneDelegate.swift; sourceTree = "<group>"; };
		953AEB4926899BB000C6F987 /* IntroductionViewController.swift */ = {isa = PBXFileReference; lastKnownFileType = sourcecode.swift; path = IntroductionViewController.swift; sourceTree = "<group>"; };
		953AEB4C26899BB000C6F987 /* Base */ = {isa = PBXFileReference; lastKnownFileType = file.storyboard; name = Base; path = Base.lproj/Main.storyboard; sourceTree = "<group>"; };
		953AEB4E26899BB100C6F987 /* Assets.xcassets */ = {isa = PBXFileReference; lastKnownFileType = folder.assetcatalog; path = Assets.xcassets; sourceTree = "<group>"; };
		953AEB5126899BB100C6F987 /* Base */ = {isa = PBXFileReference; lastKnownFileType = file.storyboard; name = Base; path = Base.lproj/LaunchScreen.storyboard; sourceTree = "<group>"; };
		953AEB5326899BB100C6F987 /* Info.plist */ = {isa = PBXFileReference; lastKnownFileType = text.plist.xml; path = Info.plist; sourceTree = "<group>"; };
		953AEB592689A4BA00C6F987 /* QuestionViewController.swift */ = {isa = PBXFileReference; lastKnownFileType = sourcecode.swift; path = QuestionViewController.swift; sourceTree = "<group>"; };
		953AEB5B2689A4C800C6F987 /* ResultsViewController.swift */ = {isa = PBXFileReference; lastKnownFileType = sourcecode.swift; path = ResultsViewController.swift; sourceTree = "<group>"; };
		953AEB5D2689B0EE00C6F987 /* Questions.swift */ = {isa = PBXFileReference; lastKnownFileType = sourcecode.swift; path = Questions.swift; sourceTree = "<group>"; };
/* End PBXFileReference section */

/* Begin PBXFrameworksBuildPhase section */
		953AEB3F26899BB000C6F987 /* Frameworks */ = {
			isa = PBXFrameworksBuildPhase;
			buildActionMask = 2147483647;
			files = (
			);
			runOnlyForDeploymentPostprocessing = 0;
		};
/* End PBXFrameworksBuildPhase section */

/* Begin PBXGroup section */
		953AEB3926899BAF00C6F987 = {
			isa = PBXGroup;
			children = (
				953AEB4426899BB000C6F987 /* PersonalityQuiz_2021 */,
				953AEB4326899BB000C6F987 /* Products */,
			);
			sourceTree = "<group>";
		};
		953AEB4326899BB000C6F987 /* Products */ = {
			isa = PBXGroup;
			children = (
				953AEB4226899BB000C6F987 /* PersonalityQuiz_2021.app */,
			);
			name = Products;
			sourceTree = "<group>";
		};
		953AEB4426899BB000C6F987 /* PersonalityQuiz_2021 */ = {
			isa = PBXGroup;
			children = (
				953AEB4526899BB000C6F987 /* AppDelegate.swift */,
				953AEB4726899BB000C6F987 /* SceneDelegate.swift */,
				953AEB5D2689B0EE00C6F987 /* Questions.swift */,
				953AEB4926899BB000C6F987 /* IntroductionViewController.swift */,
				953AEB592689A4BA00C6F987 /* QuestionViewController.swift */,
				953AEB5B2689A4C800C6F987 /* ResultsViewController.swift */,
				953AEB4B26899BB000C6F987 /* Main.storyboard */,
				953AEB4E26899BB100C6F987 /* Assets.xcassets */,
				953AEB5026899BB100C6F987 /* LaunchScreen.storyboard */,
				953AEB5326899BB100C6F987 /* Info.plist */,
			);
			path = PersonalityQuiz_2021;
			sourceTree = "<group>";
		};
/* End PBXGroup section */

/* Begin PBXNativeTarget section */
		953AEB4126899BB000C6F987 /* PersonalityQuiz_2021 */ = {
			isa = PBXNativeTarget;
			buildConfigurationList = 953AEB5626899BB100C6F987 /* Build configuration list for PBXNativeTarget "PersonalityQuiz_2021" */;
			buildPhases = (
				953AEB3E26899BB000C6F987 /* Sources */,
				953AEB3F26899BB000C6F987 /* Frameworks */,
				953AEB4026899BB000C6F987 /* Resources */,
			);
			buildRules = (
			);
			dependencies = (
			);
			name = PersonalityQuiz_2021;
			productName = PersonalityQuiz_2021;
			productReference = 953AEB4226899BB000C6F987 /* PersonalityQuiz_2021.app */;
			productType = "com.apple.product-type.application";
		};
/* End PBXNativeTarget section */

/* Begin PBXProject section */
		953AEB3A26899BB000C6F987 /* Project object */ = {
			isa = PBXProject;
			attributes = {
				LastSwiftUpdateCheck = 1250;
				LastUpgradeCheck = 1250;
				TargetAttributes = {
					953AEB4126899BB000C6F987 = {
						CreatedOnToolsVersion = 12.5;
					};
				};
			};
			buildConfigurationList = 953AEB3D26899BB000C6F987 /* Build configuration list for PBXProject "PersonalityQuiz_2021" */;
			compatibilityVersion = "Xcode 9.3";
			developmentRegion = en;
			hasScannedForEncodings = 0;
			knownRegions = (
				en,
				Base,
			);
			mainGroup = 953AEB3926899BAF00C6F987;
			productRefGroup = 953AEB4326899BB000C6F987 /* Products */;
			projectDirPath = "";
			projectRoot = "";
			targets = (
				953AEB4126899BB000C6F987 /* PersonalityQuiz_2021 */,
			);
		};
/* End PBXProject section */

/* Begin PBXResourcesBuildPhase section */
		953AEB4026899BB000C6F987 /* Resources */ = {
			isa = PBXResourcesBuildPhase;
			buildActionMask = 2147483647;
			files = (
				953AEB5226899BB100C6F987 /* LaunchScreen.storyboard in Resources */,
				953AEB4F26899BB100C6F987 /* Assets.xcassets in Resources */,
				953AEB4D26899BB000C6F987 /* Main.storyboard in Resources */,
			);
			runOnlyForDeploymentPostprocessing = 0;
		};
/* End PBXResourcesBuildPhase section */

/* Begin PBXSourcesBuildPhase section */
		953AEB3E26899BB000C6F987 /* Sources */ = {
			isa = PBXSourcesBuildPhase;
			buildActionMask = 2147483647;
			files = (
				953AEB4A26899BB000C6F987 /* IntroductionViewController.swift in Sources */,
				953AEB4626899BB000C6F987 /* AppDelegate.swift in Sources */,
				953AEB5A2689A4BA00C6F987 /* QuestionViewController.swift in Sources */,
				953AEB5E2689B0EE00C6F987 /* Questions.swift in Sources */,
				953AEB5C2689A4C800C6F987 /* ResultsViewController.swift in Sources */,
				953AEB4826899BB000C6F987 /* SceneDelegate.swift in Sources */,
			);
			runOnlyForDeploymentPostprocessing = 0;
		};
/* End PBXSourcesBuildPhase section */

/* Begin PBXVariantGroup section */
		953AEB4B26899BB000C6F987 /* Main.storyboard */ = {
			isa = PBXVariantGroup;
			children = (
				953AEB4C26899BB000C6F987 /* Base */,
			);
			name = Main.storyboard;
			sourceTree = "<group>";
		};
		953AEB5026899BB100C6F987 /* LaunchScreen.storyboard */ = {
			isa = PBXVariantGroup;
			children = (
				953AEB5126899BB100C6F987 /* Base */,
			);
			name = LaunchScreen.storyboard;
			sourceTree = "<group>";
		};
/* End PBXVariantGroup section */

/* Begin XCBuildConfiguration section */
		953AEB5426899BB100C6F987 /* Debug */ = {
			isa = XCBuildConfiguration;
			buildSettings = {
				ALWAYS_SEARCH_USER_PATHS = NO;
				CLANG_ANALYZER_NONNULL = YES;
				CLANG_ANALYZER_NUMBER_OBJECT_CONVERSION = YES_AGGRESSIVE;
				CLANG_CXX_LANGUAGE_STANDARD = "gnu++14";
				CLANG_CXX_LIBRARY = "libc++";
				CLANG_ENABLE_MODULES = YES;
				CLANG_ENABLE_OBJC_ARC = YES;
				CLANG_ENABLE_OBJC_WEAK = YES;
				CLANG_WARN_BLOCK_CAPTURE_AUTORELEASING = YES;
				CLANG_WARN_BOOL_CONVERSION = YES;
				CLANG_WARN_COMMA = YES;
				CLANG_WARN_CONSTANT_CONVERSION = YES;
				CLANG_WARN_DEPRECATED_OBJC_IMPLEMENTATIONS = YES;
				CLANG_WARN_DIRECT_OBJC_ISA_USAGE = YES_ERROR;
				CLANG_WARN_DOCUMENTATION_COMMENTS = YES;
				CLANG_WARN_EMPTY_BODY = YES;
				CLANG_WARN_ENUM_CONVERSION = YES;
				CLANG_WARN_INFINITE_RECURSION = YES;
				CLANG_WARN_INT_CONVERSION = YES;
				CLANG_WARN_NON_LITERAL_NULL_CONVERSION = YES;
				CLANG_WARN_OBJC_IMPLICIT_RETAIN_SELF = YES;
				CLANG_WARN_OBJC_LITERAL_CONVERSION = YES;
				CLANG_WARN_OBJC_ROOT_CLASS = YES_ERROR;
				CLANG_WARN_QUOTED_INCLUDE_IN_FRAMEWORK_HEADER = YES;
				CLANG_WARN_RANGE_LOOP_ANALYSIS = YES;
				CLANG_WARN_STRICT_PROTOTYPES = YES;
				CLANG_WARN_SUSPICIOUS_MOVE = YES;
				CLANG_WARN_UNGUARDED_AVAILABILITY = YES_AGGRESSIVE;
				CLANG_WARN_UNREACHABLE_CODE = YES;
				CLANG_WARN__DUPLICATE_METHOD_MATCH = YES;
				COPY_PHASE_STRIP = NO;
				DEBUG_INFORMATION_FORMAT = dwarf;
				ENABLE_STRICT_OBJC_MSGSEND = YES;
				ENABLE_TESTABILITY = YES;
				GCC_C_LANGUAGE_STANDARD = gnu11;
				GCC_DYNAMIC_NO_PIC = NO;
				GCC_NO_COMMON_BLOCKS = YES;
				GCC_OPTIMIZATION_LEVEL = 0;
				GCC_PREPROCESSOR_DEFINITIONS = (
					"DEBUG=1",
					"$(inherited)",
				);
				GCC_WARN_64_TO_32_BIT_CONVERSION = YES;
				GCC_WARN_ABOUT_RETURN_TYPE = YES_ERROR;
				GCC_WARN_UNDECLARED_SELECTOR = YES;
				GCC_WARN_UNINITIALIZED_AUTOS = YES_AGGRESSIVE;
				GCC_WARN_UNUSED_FUNCTION = YES;
				GCC_WARN_UNUSED_VARIABLE = YES;
				IPHONEOS_DEPLOYMENT_TARGET = 14.5;
				MTL_ENABLE_DEBUG_INFO = INCLUDE_SOURCE;
				MTL_FAST_MATH = YES;
				ONLY_ACTIVE_ARCH = YES;
				SDKROOT = iphoneos;
				SWIFT_ACTIVE_COMPILATION_CONDITIONS = DEBUG;
				SWIFT_OPTIMIZATION_LEVEL = "-Onone";
			};
			name = Debug;
		};
		953AEB5526899BB100C6F987 /* Release */ = {
			isa = XCBuildConfiguration;
			buildSettings = {
				ALWAYS_SEARCH_USER_PATHS = NO;
				CLANG_ANALYZER_NONNULL = YES;
				CLANG_ANALYZER_NUMBER_OBJECT_CONVERSION = YES_AGGRESSIVE;
				CLANG_CXX_LANGUAGE_STANDARD = "gnu++14";
				CLANG_CXX_LIBRARY = "libc++";
				CLANG_ENABLE_MODULES = YES;
				CLANG_ENABLE_OBJC_ARC = YES;
				CLANG_ENABLE_OBJC_WEAK = YES;
				CLANG_WARN_BLOCK_CAPTURE_AUTORELEASING = YES;
				CLANG_WARN_BOOL_CONVERSION = YES;
				CLANG_WARN_COMMA = YES;
				CLANG_WARN_CONSTANT_CONVERSION = YES;
				CLANG_WARN_DEPRECATED_OBJC_IMPLEMENTATIONS = YES;
				CLANG_WARN_DIRECT_OBJC_ISA_USAGE = YES_ERROR;
				CLANG_WARN_DOCUMENTATION_COMMENTS = YES;
				CLANG_WARN_EMPTY_BODY = YES;
				CLANG_WARN_ENUM_CONVERSION = YES;
				CLANG_WARN_INFINITE_RECURSION = YES;
				CLANG_WARN_INT_CONVERSION = YES;
				CLANG_WARN_NON_LITERAL_NULL_CONVERSION = YES;
				CLANG_WARN_OBJC_IMPLICIT_RETAIN_SELF = YES;
				CLANG_WARN_OBJC_LITERAL_CONVERSION = YES;
				CLANG_WARN_OBJC_ROOT_CLASS = YES_ERROR;
				CLANG_WARN_QUOTED_INCLUDE_IN_FRAMEWORK_HEADER = YES;
				CLANG_WARN_RANGE_LOOP_ANALYSIS = YES;
				CLANG_WARN_STRICT_PROTOTYPES = YES;
				CLANG_WARN_SUSPICIOUS_MOVE = YES;
				CLANG_WARN_UNGUARDED_AVAILABILITY = YES_AGGRESSIVE;
				CLANG_WARN_UNREACHABLE_CODE = YES;
				CLANG_WARN__DUPLICATE_METHOD_MATCH = YES;
				COPY_PHASE_STRIP = NO;
				DEBUG_INFORMATION_FORMAT = "dwarf-with-dsym";
				ENABLE_NS_ASSERTIONS = NO;
				ENABLE_STRICT_OBJC_MSGSEND = YES;
				GCC_C_LANGUAGE_STANDARD = gnu11;
				GCC_NO_COMMON_BLOCKS = YES;
				GCC_WARN_64_TO_32_BIT_CONVERSION = YES;
				GCC_WARN_ABOUT_RETURN_TYPE = YES_ERROR;
				GCC_WARN_UNDECLARED_SELECTOR = YES;
				GCC_WARN_UNINITIALIZED_AUTOS = YES_AGGRESSIVE;
				GCC_WARN_UNUSED_FUNCTION = YES;
				GCC_WARN_UNUSED_VARIABLE = YES;
				IPHONEOS_DEPLOYMENT_TARGET = 14.5;
				MTL_ENABLE_DEBUG_INFO = NO;
				MTL_FAST_MATH = YES;
				SDKROOT = iphoneos;
				SWIFT_COMPILATION_MODE = wholemodule;
				SWIFT_OPTIMIZATION_LEVEL = "-O";
				VALIDATE_PRODUCT = YES;
			};
			name = Release;
		};
		953AEB5726899BB100C6F987 /* Debug */ = {
			isa = XCBuildConfiguration;
			buildSettings = {
				ASSETCATALOG_COMPILER_APPICON_NAME = AppIcon;
				ASSETCATALOG_COMPILER_GLOBAL_ACCENT_COLOR_NAME = AccentColor;
				CODE_SIGN_STYLE = Automatic;
				DEVELOPMENT_TEAM = 9T65XWHQL7;
				INFOPLIST_FILE = PersonalityQuiz_2021/Info.plist;
				LD_RUNPATH_SEARCH_PATHS = (
					"$(inherited)",
					"@executable_path/Frameworks",
				);
				MARKETING_VERSION = 1.1;
				PRODUCT_BUNDLE_IDENTIFIER = "ru.MrMurmanProd.PersonalityQuiz-2021";
				PRODUCT_NAME = "$(TARGET_NAME)";
				SWIFT_VERSION = 5.0;
				TARGETED_DEVICE_FAMILY = "1,2";
			};
			name = Debug;
		};
		953AEB5826899BB100C6F987 /* Release */ = {
			isa = XCBuildConfiguration;
			buildSettings = {
				ASSETCATALOG_COMPILER_APPICON_NAME = AppIcon;
				ASSETCATALOG_COMPILER_GLOBAL_ACCENT_COLOR_NAME = AccentColor;
				CODE_SIGN_STYLE = Automatic;
				DEVELOPMENT_TEAM = 9T65XWHQL7;
				INFOPLIST_FILE = PersonalityQuiz_2021/Info.plist;
				LD_RUNPATH_SEARCH_PATHS = (
					"$(inherited)",
					"@executable_path/Frameworks",
				);
				MARKETING_VERSION = 1.1;
				PRODUCT_BUNDLE_IDENTIFIER = "ru.MrMurmanProd.PersonalityQuiz-2021";
				PRODUCT_NAME = "$(TARGET_NAME)";
				SWIFT_VERSION = 5.0;
				TARGETED_DEVICE_FAMILY = "1,2";
			};
			name = Release;
		};
/* End XCBuildConfiguration section */

/* Begin XCConfigurationList section */
		953AEB3D26899BB000C6F987 /* Build configuration list for PBXProject "PersonalityQuiz_2021" */ = {
			isa = XCConfigurationList;
			buildConfigurations = (
				953AEB5426899BB100C6F987 /* Debug */,
				953AEB5526899BB100C6F987 /* Release */,
			);
			defaultConfigurationIsVisible = 0;
			defaultConfigurationName = Release;
		};
		953AEB5626899BB100C6F987 /* Build configuration list for PBXNativeTarget "PersonalityQuiz_2021" */ = {
			isa = XCConfigurationList;
			buildConfigurations = (
				953AEB5726899BB100C6F987 /* Debug */,
				953AEB5826899BB100C6F987 /* Release */,
			);
			defaultConfigurationIsVisible = 0;
			defaultConfigurationName = Release;
		};
/* End XCConfigurationList section */
	};
	rootObject = 953AEB3A26899BB000C6F987 /* Project object */;
}
